
Microsoft Visual Studio Solution File, Format Version 12.00
# Visual Studio 15
VisualStudioVersion = 15.0.27703.2018
MinimumVisualStudioVersion = 10.0.40219.1
Project("{FAE04EC0-301F-11D3-BF4B-00C04F79EFBC}") = "VASR_WEB", "VASR_WEB\VASR_WEB.csproj", "{8BD84ACE-6711-45AF-8814-C05178C370CD}"
EndProject
Global
	GlobalSection(SolutionConfigurationPlatforms) = preSolution
		Debug|Any CPU = Debug|Any CPU
		Release|Any CPU = Release|Any CPU
	EndGlobalSection
	GlobalSection(ProjectConfigurationPlatforms) = postSolution
		{8BD84ACE-6711-45AF-8814-C05178C370CD}.Debug|Any CPU.ActiveCfg = Debug|Any CPU
		{8BD84ACE-6711-45AF-8814-C05178C370CD}.Debug|Any CPU.Build.0 = Debug|Any CPU
		{8BD84ACE-6711-45AF-8814-C05178C370CD}.Release|Any CPU.ActiveCfg = Release|Any CPU
		{8BD84ACE-6711-45AF-8814-C05178C370CD}.Release|Any CPU.Build.0 = Release|Any CPU
	EndGlobalSection
	GlobalSection(SolutionProperties) = preSolution
		HideSolutionNode = FALSE
	EndGlobalSection
	GlobalSection(ExtensibilityGlobals) = postSolution
		SolutionGuid = {77D1A98A-329C-4A09-AC14-A14E2D1AD5B6}
	EndGlobalSection
EndGlobal
